
Microsoft Visual Studio Solution File, Format Version 12.00
# Visual Studio Version 16
VisualStudioVersion = 16.0.31613.86
MinimumVisualStudioVersion = 10.0.40219.1
Project("{FAE04EC0-301F-11D3-BF4B-00C04F79EFBC}") = "Method Submission Assignment", "Method Submission Assignment\Method Submission Assignment.csproj", "{FEA59274-656F-48FC-B188-7F988E3D147E}"
EndProject
Global
	GlobalSection(SolutionConfigurationPlatforms) = preSolution
		Debug|Any CPU = Debug|Any CPU
		Release|Any CPU = Release|Any CPU
	EndGlobalSection
	GlobalSection(ProjectConfigurationPlatforms) = postSolution
		{FEA59274-656F-48FC-B188-7F988E3D147E}.Debug|Any CPU.ActiveCfg = Debug|Any CPU
		{FEA59274-656F-48FC-B188-7F988E3D147E}.Debug|Any CPU.Build.0 = Debug|Any CPU
		{FEA59274-656F-48FC-B188-7F988E3D147E}.Release|Any CPU.ActiveCfg = Release|Any CPU
		{FEA59274-656F-48FC-B188-7F988E3D147E}.Release|Any CPU.Build.0 = Release|Any CPU
	EndGlobalSection
	GlobalSection(SolutionProperties) = preSolution
		HideSolutionNode = FALSE
	EndGlobalSection
	GlobalSection(ExtensibilityGlobals) = postSolution
		SolutionGuid = {ED43E903-3BB5-442E-B214-7F52109E1467}
	EndGlobalSection
EndGlobal
